
Microsoft Visual Studio Solution File, Format Version 12.00
# Visual Studio Version 17
VisualStudioVersion = 17.4.33213.308
MinimumVisualStudioVersion = 10.0.40219.1
Project("{8BC9CEB8-8B4A-11D0-8D11-00A0C91BC942}") = "Palindrome program with function", "Palindrome program with function.vcxproj", "{402CEED4-E9E8-401F-9616-5A5F174C49AC}"
EndProject
Global
	GlobalSection(SolutionConfigurationPlatforms) = preSolution
		Debug|x64 = Debug|x64
		Debug|x86 = Debug|x86
		Release|x64 = Release|x64
		Release|x86 = Release|x86
	EndGlobalSection
	GlobalSection(ProjectConfigurationPlatforms) = postSolution
		{402CEED4-E9E8-401F-9616-5A5F174C49AC}.Debug|x64.ActiveCfg = Debug|x64
		{402CEED4-E9E8-401F-9616-5A5F174C49AC}.Debug|x64.Build.0 = Debug|x64
		{402CEED4-E9E8-401F-9616-5A5F174C49AC}.Debug|x86.ActiveCfg = Debug|Win32
		{402CEED4-E9E8-401F-9616-5A5F174C49AC}.Debug|x86.Build.0 = Debug|Win32
		{402CEED4-E9E8-401F-9616-5A5F174C49AC}.Release|x64.ActiveCfg = Release|x64
		{402CEED4-E9E8-401F-9616-5A5F174C49AC}.Release|x64.Build.0 = Release|x64
		{402CEED4-E9E8-401F-9616-5A5F174C49AC}.Release|x86.ActiveCfg = Release|Win32
		{402CEED4-E9E8-401F-9616-5A5F174C49AC}.Release|x86.Build.0 = Release|Win32
	EndGlobalSection
	GlobalSection(SolutionProperties) = preSolution
		HideSolutionNode = FALSE
	EndGlobalSection
	GlobalSection(ExtensibilityGlobals) = postSolution
		SolutionGuid = {142DF616-23D8-426C-9BE4-D7157129F5FF}
	EndGlobalSection
EndGlobal
